
Microsoft Visual Studio Solution File, Format Version 12.00
# Visual Studio Version 17
VisualStudioVersion = 17.13.35931.197
MinimumVisualStudioVersion = 10.0.40219.1
Project("{FAE04EC0-301F-11D3-BF4B-00C04F79EFBC}") = "AI.FileOrganizer", "AI.FileOrganizer\AI.FileOrganizer.csproj", "{A0562FF7-BEB0-4B9F-8AE9-78EDE07C1EBC}"
EndProject
Project("{FAE04EC0-301F-11D3-BF4B-00C04F79EFBC}") = "AI.FileOrganizer.CLI", "AI.FileOrganizer.CLI\AI.FileOrganizer.CLI.csproj", "{2598CDA4-1132-44B6-B471-06B08529DD33}"
EndProject
Project("{FAE04EC0-301F-11D3-BF4B-00C04F79EFBC}") = "AI.FileOrganizer.Tests", "AI.FileOrganizer.Tests\AI.FileOrganizer.Tests.csproj", "{C35AA1B2-3C70-403B-B6D7-3981C02F281A}"
EndProject
Global
	GlobalSection(SolutionConfigurationPlatforms) = preSolution
		Debug|Any CPU = Debug|Any CPU
		Release|Any CPU = Release|Any CPU
	EndGlobalSection
	GlobalSection(ProjectConfigurationPlatforms) = postSolution
		{A0562FF7-BEB0-4B9F-8AE9-78EDE07C1EBC}.Debug|Any CPU.ActiveCfg = Debug|Any CPU
		{A0562FF7-BEB0-4B9F-8AE9-78EDE07C1EBC}.Debug|Any CPU.Build.0 = Debug|Any CPU
		{A0562FF7-BEB0-4B9F-8AE9-78EDE07C1EBC}.Release|Any CPU.ActiveCfg = Release|Any CPU
		{A0562FF7-BEB0-4B9F-8AE9-78EDE07C1EBC}.Release|Any CPU.Build.0 = Release|Any CPU
		{2598CDA4-1132-44B6-B471-06B08529DD33}.Debug|Any CPU.ActiveCfg = Debug|Any CPU
		{2598CDA4-1132-44B6-B471-06B08529DD33}.Debug|Any CPU.Build.0 = Debug|Any CPU
		{2598CDA4-1132-44B6-B471-06B08529DD33}.Release|Any CPU.ActiveCfg = Release|Any CPU
		{2598CDA4-1132-44B6-B471-06B08529DD33}.Release|Any CPU.Build.0 = Release|Any CPU
		{C35AA1B2-3C70-403B-B6D7-3981C02F281A}.Debug|Any CPU.ActiveCfg = Debug|Any CPU
		{C35AA1B2-3C70-403B-B6D7-3981C02F281A}.Debug|Any CPU.Build.0 = Debug|Any CPU
		{C35AA1B2-3C70-403B-B6D7-3981C02F281A}.Release|Any CPU.ActiveCfg = Release|Any CPU
		{C35AA1B2-3C70-403B-B6D7-3981C02F281A}.Release|Any CPU.Build.0 = Release|Any CPU
	EndGlobalSection
	GlobalSection(SolutionProperties) = preSolution
		HideSolutionNode = FALSE
	EndGlobalSection
	GlobalSection(ExtensibilityGlobals) = postSolution
		SolutionGuid = {DC88C320-2A9B-4503-9138-3D3F5D5955C6}
	EndGlobalSection
EndGlobal
